
Microsoft Visual Studio Solution File, Format Version 12.00
# Visual Studio Version 16
VisualStudioVersion = 16.0.30503.244
MinimumVisualStudioVersion = 10.0.40219.1
Project("{8BC9CEB8-8B4A-11D0-8D11-00A0C91BC942}") = "OurProject", "OurProject\OurProject.vcxproj", "{5770F47C-DC43-4AC1-B5C1-C0FAE9610B7A}"
EndProject
Global
	GlobalSection(SolutionConfigurationPlatforms) = preSolution
		Debug|x64 = Debug|x64
		Debug|x86 = Debug|x86
		Release|x64 = Release|x64
		Release|x86 = Release|x86
	EndGlobalSection
	GlobalSection(ProjectConfigurationPlatforms) = postSolution
		{5770F47C-DC43-4AC1-B5C1-C0FAE9610B7A}.Debug|x64.ActiveCfg = Debug|x64
		{5770F47C-DC43-4AC1-B5C1-C0FAE9610B7A}.Debug|x64.Build.0 = Debug|x64
		{5770F47C-DC43-4AC1-B5C1-C0FAE9610B7A}.Debug|x86.ActiveCfg = Debug|Win32
		{5770F47C-DC43-4AC1-B5C1-C0FAE9610B7A}.Debug|x86.Build.0 = Debug|Win32
		{5770F47C-DC43-4AC1-B5C1-C0FAE9610B7A}.Release|x64.ActiveCfg = Release|x64
		{5770F47C-DC43-4AC1-B5C1-C0FAE9610B7A}.Release|x64.Build.0 = Release|x64
		{5770F47C-DC43-4AC1-B5C1-C0FAE9610B7A}.Release|x86.ActiveCfg = Release|Win32
		{5770F47C-DC43-4AC1-B5C1-C0FAE9610B7A}.Release|x86.Build.0 = Release|Win32
	EndGlobalSection
	GlobalSection(SolutionProperties) = preSolution
		HideSolutionNode = FALSE
	EndGlobalSection
	GlobalSection(ExtensibilityGlobals) = postSolution
		SolutionGuid = {D55A8913-E8AB-4703-9AD3-0CFAAA517DC9}
	EndGlobalSection
EndGlobal
